
Microsoft Visual Studio Solution File, Format Version 12.00
# Visual Studio Version 16
VisualStudioVersion = 16.0.31702.278
MinimumVisualStudioVersion = 10.0.40219.1
Project("{9A19103F-16F7-4668-BE54-9A1E7A4F7556}") = "Ultimate Splinterlands Bot V2", "Ultimate Splinterlands Bot V2.csproj", "{E63A8F5D-053B-4B81-A5FB-1AC303C00800}"
EndProject
Global
	GlobalSection(SolutionConfigurationPlatforms) = preSolution
		Debug|Any CPU = Debug|Any CPU
		Debug|ARM32 = Debug|ARM32
		Debug|ARM64 = Debug|ARM64
		Debug|x64 = Debug|x64
		Release|Any CPU = Release|Any CPU
		Release|ARM32 = Release|ARM32
		Release|ARM64 = Release|ARM64
		Release|x64 = Release|x64
	EndGlobalSection
	GlobalSection(ProjectConfigurationPlatforms) = postSolution
		{E63A8F5D-053B-4B81-A5FB-1AC303C00800}.Debug|Any CPU.ActiveCfg = Release|x64
		{E63A8F5D-053B-4B81-A5FB-1AC303C00800}.Debug|Any CPU.Build.0 = Release|x64
		{E63A8F5D-053B-4B81-A5FB-1AC303C00800}.Debug|ARM32.ActiveCfg = Debug|ARM32
		{E63A8F5D-053B-4B81-A5FB-1AC303C00800}.Debug|ARM32.Build.0 = Debug|ARM32
		{E63A8F5D-053B-4B81-A5FB-1AC303C00800}.Debug|ARM64.ActiveCfg = Debug|ARM64
		{E63A8F5D-053B-4B81-A5FB-1AC303C00800}.Debug|ARM64.Build.0 = Debug|ARM64
		{E63A8F5D-053B-4B81-A5FB-1AC303C00800}.Debug|x64.ActiveCfg = Debug|x64
		{E63A8F5D-053B-4B81-A5FB-1AC303C00800}.Debug|x64.Build.0 = Debug|x64
		{E63A8F5D-053B-4B81-A5FB-1AC303C00800}.Release|Any CPU.ActiveCfg = Release|Any CPU
		{E63A8F5D-053B-4B81-A5FB-1AC303C00800}.Release|Any CPU.Build.0 = Release|Any CPU
		{E63A8F5D-053B-4B81-A5FB-1AC303C00800}.Release|ARM32.ActiveCfg = Release|ARM32
		{E63A8F5D-053B-4B81-A5FB-1AC303C00800}.Release|ARM32.Build.0 = Release|ARM32
		{E63A8F5D-053B-4B81-A5FB-1AC303C00800}.Release|ARM64.ActiveCfg = Release|ARM64
		{E63A8F5D-053B-4B81-A5FB-1AC303C00800}.Release|ARM64.Build.0 = Release|ARM64
		{E63A8F5D-053B-4B81-A5FB-1AC303C00800}.Release|x64.ActiveCfg = Release|x64
		{E63A8F5D-053B-4B81-A5FB-1AC303C00800}.Release|x64.Build.0 = Release|x64
	EndGlobalSection
	GlobalSection(SolutionProperties) = preSolution
		HideSolutionNode = FALSE
	EndGlobalSection
	GlobalSection(ExtensibilityGlobals) = postSolution
		SolutionGuid = {B52FB6D8-3E2D-4F65-AE02-BCE1FFD19CAD}
	EndGlobalSection
EndGlobal
